
Microsoft Visual Studio Solution File, Format Version 12.00
# Visual Studio Version 17
VisualStudioVersion = 17.4.33403.182
MinimumVisualStudioVersion = 10.0.40219.1
Project("{9A19103F-16F7-4668-BE54-9A1E7A4F7556}") = "BethanyPieShop", "BethanyPieShop.csproj", "{16A6F3AC-D6AC-4954-9F9D-23F81F96A280}"
EndProject
Global
	GlobalSection(SolutionConfigurationPlatforms) = preSolution
		Debug|Any CPU = Debug|Any CPU
		Release|Any CPU = Release|Any CPU
	EndGlobalSection
	GlobalSection(ProjectConfigurationPlatforms) = postSolution
		{16A6F3AC-D6AC-4954-9F9D-23F81F96A280}.Debug|Any CPU.ActiveCfg = Debug|Any CPU
		{16A6F3AC-D6AC-4954-9F9D-23F81F96A280}.Debug|Any CPU.Build.0 = Debug|Any CPU
		{16A6F3AC-D6AC-4954-9F9D-23F81F96A280}.Release|Any CPU.ActiveCfg = Release|Any CPU
		{16A6F3AC-D6AC-4954-9F9D-23F81F96A280}.Release|Any CPU.Build.0 = Release|Any CPU
	EndGlobalSection
	GlobalSection(SolutionProperties) = preSolution
		HideSolutionNode = FALSE
	EndGlobalSection
	GlobalSection(ExtensibilityGlobals) = postSolution
		SolutionGuid = {14EE7FAD-4C2D-4C34-8316-1DAE7D9AB0F3}
	EndGlobalSection
EndGlobal
